
Microsoft Visual Studio Solution File, Format Version 12.00
# Visual Studio Version 17
VisualStudioVersion = 17.11.35222.181
MinimumVisualStudioVersion = 10.0.40219.1
Project("{9A19103F-16F7-4668-BE54-9A1E7A4F7556}") = "FractionApp", "FractionApp\FractionApp.csproj", "{C45AE684-A208-43DE-8598-7EBA47047C33}"
EndProject
Project("{FAE04EC0-301F-11D3-BF4B-00C04F79EFBC}") = "FractionApp.UnitTest", "FractionApp.UnitTest\FractionApp.UnitTest.csproj", "{A8F2A6C0-A759-4CA5-BAEA-8442A2129C44}"
EndProject
Global
	GlobalSection(SolutionConfigurationPlatforms) = preSolution
		Debug|Any CPU = Debug|Any CPU
		Release|Any CPU = Release|Any CPU
	EndGlobalSection
	GlobalSection(ProjectConfigurationPlatforms) = postSolution
		{C45AE684-A208-43DE-8598-7EBA47047C33}.Debug|Any CPU.ActiveCfg = Debug|Any CPU
		{C45AE684-A208-43DE-8598-7EBA47047C33}.Debug|Any CPU.Build.0 = Debug|Any CPU
		{C45AE684-A208-43DE-8598-7EBA47047C33}.Release|Any CPU.ActiveCfg = Release|Any CPU
		{C45AE684-A208-43DE-8598-7EBA47047C33}.Release|Any CPU.Build.0 = Release|Any CPU
		{A8F2A6C0-A759-4CA5-BAEA-8442A2129C44}.Debug|Any CPU.ActiveCfg = Debug|Any CPU
		{A8F2A6C0-A759-4CA5-BAEA-8442A2129C44}.Debug|Any CPU.Build.0 = Debug|Any CPU
		{A8F2A6C0-A759-4CA5-BAEA-8442A2129C44}.Release|Any CPU.ActiveCfg = Release|Any CPU
		{A8F2A6C0-A759-4CA5-BAEA-8442A2129C44}.Release|Any CPU.Build.0 = Release|Any CPU
	EndGlobalSection
	GlobalSection(SolutionProperties) = preSolution
		HideSolutionNode = FALSE
	EndGlobalSection
	GlobalSection(ExtensibilityGlobals) = postSolution
		SolutionGuid = {7DE4605B-5A7D-4EA9-8CFE-13534101B31B}
	EndGlobalSection
EndGlobal
